Microsoft Visual Studio Solution File, Format Version 12.00
# Visual Studio Version 17
VisualStudioVersion = 17.5.2.0
MinimumVisualStudioVersion = 10.0.40219.1
Project("{FAE04EC0-301F-11D3-BF4B-00C04F79EFBC}") = "Intelectah", "Intelectah\Intelectah.csproj", "{731CEF9F-B1FD-F9E3-9FF7-F9AF6ABDBFDC}"
EndProject
Global
	GlobalSection(SolutionConfigurationPlatforms) = preSolution
		Debug|Any CPU = Debug|Any CPU
		Release|Any CPU = Release|Any CPU
	EndGlobalSection
	GlobalSection(ProjectConfigurationPlatforms) = postSolution
		{731CEF9F-B1FD-F9E3-9FF7-F9AF6ABDBFDC}.Debug|Any CPU.ActiveCfg = Debug|Any CPU
		{731CEF9F-B1FD-F9E3-9FF7-F9AF6ABDBFDC}.Debug|Any CPU.Build.0 = Debug|Any CPU
		{731CEF9F-B1FD-F9E3-9FF7-F9AF6ABDBFDC}.Release|Any CPU.ActiveCfg = Release|Any CPU
		{731CEF9F-B1FD-F9E3-9FF7-F9AF6ABDBFDC}.Release|Any CPU.Build.0 = Release|Any CPU
	EndGlobalSection
	GlobalSection(SolutionProperties) = preSolution
		HideSolutionNode = FALSE
	EndGlobalSection
	GlobalSection(ExtensibilityGlobals) = postSolution
		SolutionGuid = {766D29F1-906C-4BC7-A144-0E8D624E663A}
	EndGlobalSection
EndGlobal
